<?xml version="1.0" encoding="utf-8"?>
<Project ToolsVersion="4.0" xmlns="http://schemas.microsoft.com/developer/msbuild/2003">
  <ItemGroup>
    <Filter Include="源文件">
      <UniqueIdentifier>{4FC737F1-C7A5-4376-A066-2A32D752A2FF}</UniqueIdentifier>
      <Extensions>cpp;c;cc;cxx;def;odl;idl;hpj;bat;asm;asmx</Extensions>
    </Filter>
    <Filter Include="头文件">
      <UniqueIdentifier>{93995380-89BD-4b04-88EB-625FBE52EBFB}</UniqueIdentifier>
      <Extensions>h;hpp;hxx;hm;inl;inc;xsd</Extensions>
    </Filter>
    <Filter Include="资源文件">
      <UniqueIdentifier>{67DA6AB6-F800-4c08-8B7A-83BB121AAD01}</UniqueIdentifier>
      <Extensions>rc;ico;cur;bmp;dlg;rc2;rct;bin;rgs;gif;jpg;jpeg;jpe;resx;tiff;tif;png;wav;mfcribbon-ms</Extensions>
    </Filter>
    <Filter Include="头文件\xmllite">
      <UniqueIdentifier>{ac038589-7504-4bf5-9196-bfcc0e92c8e3}</UniqueIdentifier>
    </Filter>
    <Filter Include="源文件\xmllite">
      <UniqueIdentifier>{c3f273e3-efcc-47a1-917d-be65a48289e4}</UniqueIdentifier>
    </Filter>
    <Filter Include="头文件\xmpp">
      <UniqueIdentifier>{77013f54-feea-44f8-b86a-db99b5d8ee8a}</UniqueIdentifier>
    </Filter>
    <Filter Include="源文件\xmpp">
      <UniqueIdentifier>{f335ae6c-7a83-496f-ab19-e21c7e43d55e}</UniqueIdentifier>
    </Filter>
    <Filter Include="头文件\base">
      <UniqueIdentifier>{1d635d36-1ee3-481b-9208-d6c32abb7577}</UniqueIdentifier>
    </Filter>
    <Filter Include="源文件\base">
      <UniqueIdentifier>{14e4612f-31c2-4157-b25d-12cead104e4b}</UniqueIdentifier>
    </Filter>
    <Filter Include="头文件\session">
      <UniqueIdentifier>{ee2c45c4-fc06-4ffb-9d18-18c4e0d3b94f}</UniqueIdentifier>
    </Filter>
    <Filter Include="源文件\session">
      <UniqueIdentifier>{b66a3878-ea02-45af-a316-1599b51567b7}</UniqueIdentifier>
    </Filter>
    <Filter Include="头文件\p2p">
      <UniqueIdentifier>{05708713-a0fb-4ff4-9ca2-07f6e306edf4}</UniqueIdentifier>
    </Filter>
    <Filter Include="源文件\p2p">
      <UniqueIdentifier>{789d4ec0-4456-4456-be80-fda472da81eb}</UniqueIdentifier>
    </Filter>
    <Filter Include="头文件\sound">
      <UniqueIdentifier>{2d254af1-4c19-4e2d-a7c2-938a72cbbb29}</UniqueIdentifier>
    </Filter>
    <Filter Include="源文件\sound">
      <UniqueIdentifier>{1eb77268-8f6d-4f09-ac19-4011652ca7c2}</UniqueIdentifier>
    </Filter>
    <Filter Include="头文件\examples">
      <UniqueIdentifier>{4f5733e5-c6c5-4d91-a139-ab69b49ec885}</UniqueIdentifier>
    </Filter>
    <Filter Include="源文件\examples">
      <UniqueIdentifier>{90ec2741-5c60-4534-8882-40221efafc54}</UniqueIdentifier>
    </Filter>
    <Filter Include="头文件\examples\login">
      <UniqueIdentifier>{f57f5e13-b476-40e5-80e2-c0a432e6feeb}</UniqueIdentifier>
    </Filter>
    <Filter Include="源文件\examples\login">
      <UniqueIdentifier>{fc0ef193-a5ce-40f5-b36c-99345bd30fea}</UniqueIdentifier>
    </Filter>
  </ItemGroup>
  <ItemGroup>
    <None Include="ReadMe.txt" />
  </ItemGroup>
  <ItemGroup>
    <ClInclude Include="stdafx.h">
      <Filter>头文件</Filter>
    </ClInclude>
    <ClInclude Include="targetver.h">
      <Filter>头文件</Filter>
    </ClInclude>
    <ClInclude Include="xmpp\asyncsocket.h">
      <Filter>头文件\xmpp</Filter>
    </ClInclude>
    <ClInclude Include="xmpp\constants.h">
      <Filter>头文件\xmpp</Filter>
    </ClInclude>
    <ClInclude Include="xmpp\fakexmppclient.h">
      <Filter>头文件\xmpp</Filter>
    </ClInclude>
    <ClInclude Include="xmpp\hangoutpubsubclient.h">
      <Filter>头文件\xmpp</Filter>
    </ClInclude>
    <ClInclude Include="xmpp\iqtask.h">
      <Filter>头文件\xmpp</Filter>
    </ClInclude>
    <ClInclude Include="xmpp\jid.h">
      <Filter>头文件\xmpp</Filter>
    </ClInclude>
    <ClInclude Include="xmpp\module.h">
      <Filter>头文件\xmpp</Filter>
    </ClInclude>
    <ClInclude Include="xmpp\moduleimpl.h">
      <Filter>头文件\xmpp</Filter>
    </ClInclude>
    <ClInclude Include="xmpp\mucroomconfigtask.h">
      <Filter>头文件\xmpp</Filter>
    </ClInclude>
    <ClInclude Include="xmpp\mucroomhistorytask.h">
      <Filter>头文件\xmpp</Filter>
    </ClInclude>
    <ClInclude Include="xmpp\mucroomlookuptask.h">
      <Filter>头文件\xmpp</Filter>
    </ClInclude>
    <ClInclude Include="xmpp\plainsaslhandler.h">
      <Filter>头文件\xmpp</Filter>
    </ClInclude>
    <ClInclude Include="xmpp\prexmppauth.h">
      <Filter>头文件\xmpp</Filter>
    </ClInclude>
    <ClInclude Include="xmpp\pubsub_task.h">
      <Filter>头文件\xmpp</Filter>
    </ClInclude>
    <ClInclude Include="xmpp\pubsubclient.h">
      <Filter>头文件\xmpp</Filter>
    </ClInclude>
    <ClInclude Include="xmpp\pubsubtasks.h">
      <Filter>头文件\xmpp</Filter>
    </ClInclude>
    <ClInclude Include="xmpp\receivetask.h">
      <Filter>头文件\xmpp</Filter>
    </ClInclude>
    <ClInclude Include="xmpp\rostermodule.h">
      <Filter>头文件\xmpp</Filter>
    </ClInclude>
    <ClInclude Include="xmpp\saslcookiemechanism.h">
      <Filter>头文件\xmpp</Filter>
    </ClInclude>
    <ClInclude Include="xmpp\saslhandler.h">
      <Filter>头文件\xmpp</Filter>
    </ClInclude>
    <ClInclude Include="xmpp\saslmechanism.h">
      <Filter>头文件\xmpp</Filter>
    </ClInclude>
    <ClInclude Include="xmpp\saslplainmechanism.h">
      <Filter>头文件\xmpp</Filter>
    </ClInclude>
    <ClInclude Include="xmpp\xmppclient.h">
      <Filter>头文件\xmpp</Filter>
    </ClInclude>
    <ClInclude Include="xmpp\xmppclientsettings.h">
      <Filter>头文件\xmpp</Filter>
    </ClInclude>
    <ClInclude Include="xmpp\xmppengine.h">
      <Filter>头文件\xmpp</Filter>
    </ClInclude>
    <ClInclude Include="xmpp\xmppengineimpl.h">
      <Filter>头文件\xmpp</Filter>
    </ClInclude>
    <ClInclude Include="xmpp\xmpplogintask.h">
      <Filter>头文件\xmpp</Filter>
    </ClInclude>
    <ClInclude Include="xmpp\xmppstanzaparser.h">
      <Filter>头文件\xmpp</Filter>
    </ClInclude>
    <ClInclude Include="xmpp\xmpptask.h">
      <Filter>头文件\xmpp</Filter>
    </ClInclude>
    <ClInclude Include="xmllite\qname.h">
      <Filter>头文件\xmllite</Filter>
    </ClInclude>
    <ClInclude Include="xmllite\xmlbuilder.h">
      <Filter>头文件\xmllite</Filter>
    </ClInclude>
    <ClInclude Include="xmllite\xmlconstants.h">
      <Filter>头文件\xmllite</Filter>
    </ClInclude>
    <ClInclude Include="xmllite\xmlelement.h">
      <Filter>头文件\xmllite</Filter>
    </ClInclude>
    <ClInclude Include="xmllite\xmlnsstack.h">
      <Filter>头文件\xmllite</Filter>
    </ClInclude>
    <ClInclude Include="xmllite\xmlparser.h">
      <Filter>头文件\xmllite</Filter>
    </ClInclude>
    <ClInclude Include="xmllite\xmlprinter.h">
      <Filter>头文件\xmllite</Filter>
    </ClInclude>
    <ClInclude Include="base\asyncfile.h">
      <Filter>头文件\base</Filter>
    </ClInclude>
    <ClInclude Include="base\asynchttprequest.h">
      <Filter>头文件\base</Filter>
    </ClInclude>
    <ClInclude Include="base\asyncsocket.h">
      <Filter>头文件\base</Filter>
    </ClInclude>
    <ClInclude Include="base\asynctcpsocket.h">
      <Filter>头文件\base</Filter>
    </ClInclude>
    <ClInclude Include="base\asyncudpsocket.h">
      <Filter>头文件\base</Filter>
    </ClInclude>
    <ClInclude Include="base\atomicops.h">
      <Filter>头文件\base</Filter>
    </ClInclude>
    <ClInclude Include="base\autodetectproxy.h">
      <Filter>头文件\base</Filter>
    </ClInclude>
    <ClInclude Include="base\bandwidthsmoother.h">
      <Filter>头文件\base</Filter>
    </ClInclude>
    <ClInclude Include="base\base64.h">
      <Filter>头文件\base</Filter>
    </ClInclude>
    <ClInclude Include="base\basicdefs.h">
      <Filter>头文件\base</Filter>
    </ClInclude>
    <ClInclude Include="base\basicpacketsocketfactory.h">
      <Filter>头文件\base</Filter>
    </ClInclude>
    <ClInclude Include="base\basictypes.h">
      <Filter>头文件\base</Filter>
    </ClInclude>
    <ClInclude Include="base\buffer.h">
      <Filter>头文件\base</Filter>
    </ClInclude>
    <ClInclude Include="base\bytebuffer.h">
      <Filter>头文件\base</Filter>
    </ClInclude>
    <ClInclude Include="base\byteorder.h">
      <Filter>头文件\base</Filter>
    </ClInclude>
    <ClInclude Include="base\checks.h">
      <Filter>头文件\base</Filter>
    </ClInclude>
    <ClInclude Include="base\common.h">
      <Filter>头文件\base</Filter>
    </ClInclude>
    <ClInclude Include="base\constructormagic.h">
      <Filter>头文件\base</Filter>
    </ClInclude>
    <ClInclude Include="base\cpuid.h">
      <Filter>头文件\base</Filter>
    </ClInclude>
    <ClInclude Include="base\cpumonitor.h">
      <Filter>头文件\base</Filter>
    </ClInclude>
    <ClInclude Include="base\criticalsection.h">
      <Filter>头文件\base</Filter>
    </ClInclude>
    <ClInclude Include="base\cryptstring.h">
      <Filter>头文件\base</Filter>
    </ClInclude>
    <ClInclude Include="base\diskcache.h">
      <Filter>头文件\base</Filter>
    </ClInclude>
    <ClInclude Include="base\diskcache_win32.h">
      <Filter>头文件\base</Filter>
    </ClInclude>
    <ClInclude Include="base\Equifax_Secure_Global_eBusiness_CA-1.h">
      <Filter>头文件\base</Filter>
    </ClInclude>
    <ClInclude Include="base\event.h">
      <Filter>头文件\base</Filter>
    </ClInclude>
    <ClInclude Include="base\fakenetwork.h">
      <Filter>头文件\base</Filter>
    </ClInclude>
    <ClInclude Include="base\faketaskrunner.h">
      <Filter>头文件\base</Filter>
    </ClInclude>
    <ClInclude Include="base\filelock.h">
      <Filter>头文件\base</Filter>
    </ClInclude>
    <ClInclude Include="base\fileutils.h">
      <Filter>头文件\base</Filter>
    </ClInclude>
    <ClInclude Include="base\fileutils_mock.h">
      <Filter>头文件\base</Filter>
    </ClInclude>
    <ClInclude Include="base\firewallsocketserver.h">
      <Filter>头文件\base</Filter>
    </ClInclude>
    <ClInclude Include="base\flags.h">
      <Filter>头文件\base</Filter>
    </ClInclude>
    <ClInclude Include="base\helpers.h">
      <Filter>头文件\base</Filter>
    </ClInclude>
    <ClInclude Include="base\host.h">
      <Filter>头文件\base</Filter>
    </ClInclude>
    <ClInclude Include="base\httpbase.h">
      <Filter>头文件\base</Filter>
    </ClInclude>
    <ClInclude Include="base\httpclient.h">
      <Filter>头文件\base</Filter>
    </ClInclude>
    <ClInclude Include="base\httpcommon.h">
      <Filter>头文件\base</Filter>
    </ClInclude>
    <ClInclude Include="base\httpcommon-inl.h">
      <Filter>头文件\base</Filter>
    </ClInclude>
    <ClInclude Include="base\httprequest.h">
      <Filter>头文件\base</Filter>
    </ClInclude>
    <ClInclude Include="base\httpserver.h">
      <Filter>头文件\base</Filter>
    </ClInclude>
    <ClInclude Include="base\ipaddress.h">
      <Filter>头文件\base</Filter>
    </ClInclude>
    <ClInclude Include="base\linked_ptr.h">
      <Filter>头文件\base</Filter>
    </ClInclude>
    <ClInclude Include="base\logging.h">
      <Filter>头文件\base</Filter>
    </ClInclude>
    <ClInclude Include="base\mathutils.h">
      <Filter>头文件\base</Filter>
    </ClInclude>
    <ClInclude Include="base\md5.h">
      <Filter>头文件\base</Filter>
    </ClInclude>
    <ClInclude Include="base\messagehandler.h">
      <Filter>头文件\base</Filter>
    </ClInclude>
    <ClInclude Include="base\messagequeue.h">
      <Filter>头文件\base</Filter>
    </ClInclude>
    <ClInclude Include="base\multipart.h">
      <Filter>头文件\base</Filter>
    </ClInclude>
    <ClInclude Include="base\natserver.h">
      <Filter>头文件\base</Filter>
    </ClInclude>
    <ClInclude Include="base\natsocketfactory.h">
      <Filter>头文件\base</Filter>
    </ClInclude>
    <ClInclude Include="base\nattypes.h">
      <Filter>头文件\base</Filter>
    </ClInclude>
    <ClInclude Include="base\nethelpers.h">
      <Filter>头文件\base</Filter>
    </ClInclude>
    <ClInclude Include="base\network.h">
      <Filter>头文件\base</Filter>
    </ClInclude>
    <ClInclude Include="base\openssladapter.h">
      <Filter>头文件\base</Filter>
    </ClInclude>
    <ClInclude Include="base\optionsfile.h">
      <Filter>头文件\base</Filter>
    </ClInclude>
    <ClInclude Include="base\packetsocketfactory.h">
      <Filter>头文件\base</Filter>
    </ClInclude>
    <ClInclude Include="base\pathutils.h">
      <Filter>头文件\base</Filter>
    </ClInclude>
    <ClInclude Include="base\physicalsocketserver.h">
      <Filter>头文件\base</Filter>
    </ClInclude>
    <ClInclude Include="base\proxydetect.h">
      <Filter>头文件\base</Filter>
    </ClInclude>
    <ClInclude Include="base\proxyinfo.h">
      <Filter>头文件\base</Filter>
    </ClInclude>
    <ClInclude Include="base\proxyserver.h">
      <Filter>头文件\base</Filter>
    </ClInclude>
    <ClInclude Include="base\ratetracker.h">
      <Filter>头文件\base</Filter>
    </ClInclude>
    <ClInclude Include="base\refcount.h">
      <Filter>头文件\base</Filter>
    </ClInclude>
    <ClInclude Include="base\referencecountedsingletonfactory.h">
      <Filter>头文件\base</Filter>
    </ClInclude>
    <ClInclude Include="base\rollingaccumulator.h">
      <Filter>头文件\base</Filter>
    </ClInclude>
    <ClInclude Include="base\schanneladapter.h">
      <Filter>头文件\base</Filter>
    </ClInclude>
    <ClInclude Include="base\scoped_ptr.h">
      <Filter>头文件\base</Filter>
    </ClInclude>
    <ClInclude Include="base\scoped_ref_ptr.h">
      <Filter>头文件\base</Filter>
    </ClInclude>
    <ClInclude Include="base\sec_buffer.h">
      <Filter>头文件\base</Filter>
    </ClInclude>
    <ClInclude Include="base\sharedexclusivelock.h">
      <Filter>头文件\base</Filter>
    </ClInclude>
    <ClInclude Include="base\signalthread.h">
      <Filter>头文件\base</Filter>
    </ClInclude>
    <ClInclude Include="base\sigslot.h">
      <Filter>头文件\base</Filter>
    </ClInclude>
    <ClInclude Include="base\sigslotrepeater.h">
      <Filter>头文件\base</Filter>
    </ClInclude>
    <ClInclude Include="base\socket.h">
      <Filter>头文件\base</Filter>
    </ClInclude>
    <ClInclude Include="base\socketadapters.h">
      <Filter>头文件\base</Filter>
    </ClInclude>
    <ClInclude Include="base\socketaddress.h">
      <Filter>头文件\base</Filter>
    </ClInclude>
    <ClInclude Include="base\socketaddresspair.h">
      <Filter>头文件\base</Filter>
    </ClInclude>
    <ClInclude Include="base\socketfactory.h">
      <Filter>头文件\base</Filter>
    </ClInclude>
    <ClInclude Include="base\socketpool.h">
      <Filter>头文件\base</Filter>
    </ClInclude>
    <ClInclude Include="base\socketserver.h">
      <Filter>头文件\base</Filter>
    </ClInclude>
    <ClInclude Include="base\socketstream.h">
      <Filter>头文件\base</Filter>
    </ClInclude>
    <ClInclude Include="base\ssladapter.h">
      <Filter>头文件\base</Filter>
    </ClInclude>
    <ClInclude Include="base\sslroots.h">
      <Filter>头文件\base</Filter>
    </ClInclude>
    <ClInclude Include="base\sslsocketfactory.h">
      <Filter>头文件\base</Filter>
    </ClInclude>
    <ClInclude Include="base\stream.h">
      <Filter>头文件\base</Filter>
    </ClInclude>
    <ClInclude Include="base\stringdigest.h">
      <Filter>头文件\base</Filter>
    </ClInclude>
    <ClInclude Include="base\stringencode.h">
      <Filter>头文件\base</Filter>
    </ClInclude>
    <ClInclude Include="base\stringutils.h">
      <Filter>头文件\base</Filter>
    </ClInclude>
    <ClInclude Include="base\systeminfo.h">
      <Filter>头文件\base</Filter>
    </ClInclude>
    <ClInclude Include="base\task.h">
      <Filter>头文件\base</Filter>
    </ClInclude>
    <ClInclude Include="base\taskparent.h">
      <Filter>头文件\base</Filter>
    </ClInclude>
    <ClInclude Include="base\taskrunner.h">
      <Filter>头文件\base</Filter>
    </ClInclude>
    <ClInclude Include="base\testbase64.h">
      <Filter>头文件\base</Filter>
    </ClInclude>
    <ClInclude Include="base\testclient.h">
      <Filter>头文件\base</Filter>
    </ClInclude>
    <ClInclude Include="base\testechoserver.h">
      <Filter>头文件\base</Filter>
    </ClInclude>
    <ClInclude Include="base\testutils.h">
      <Filter>头文件\base</Filter>
    </ClInclude>
    <ClInclude Include="base\thread.h">
      <Filter>头文件\base</Filter>
    </ClInclude>
    <ClInclude Include="base\timeutils.h">
      <Filter>头文件\base</Filter>
    </ClInclude>
    <ClInclude Include="base\timing.h">
      <Filter>头文件\base</Filter>
    </ClInclude>
    <ClInclude Include="base\transformadapter.h">
      <Filter>头文件\base</Filter>
    </ClInclude>
    <ClInclude Include="base\urlencode.h">
      <Filter>头文件\base</Filter>
    </ClInclude>
    <ClInclude Include="base\versionparsing.h">
      <Filter>头文件\base</Filter>
    </ClInclude>
    <ClInclude Include="base\virtualsocketserver.h">
      <Filter>头文件\base</Filter>
    </ClInclude>
    <ClInclude Include="base\win32.h">
      <Filter>头文件\base</Filter>
    </ClInclude>
    <ClInclude Include="base\win32filesystem.h">
      <Filter>头文件\base</Filter>
    </ClInclude>
    <ClInclude Include="base\win32regkey.h">
      <Filter>头文件\base</Filter>
    </ClInclude>
    <ClInclude Include="base\win32socketinit.h">
      <Filter>头文件\base</Filter>
    </ClInclude>
    <ClInclude Include="base\win32socketserver.h">
      <Filter>头文件\base</Filter>
    </ClInclude>
    <ClInclude Include="base\win32toolhelp.h">
      <Filter>头文件\base</Filter>
    </ClInclude>
    <ClInclude Include="base\win32window.h">
      <Filter>头文件\base</Filter>
    </ClInclude>
    <ClInclude Include="base\win32windowpicker.h">
      <Filter>头文件\base</Filter>
    </ClInclude>
    <ClInclude Include="base\window.h">
      <Filter>头文件\base</Filter>
    </ClInclude>
    <ClInclude Include="base\windowpicker.h">
      <Filter>头文件\base</Filter>
    </ClInclude>
    <ClInclude Include="base\windowpickerfactory.h">
      <Filter>头文件\base</Filter>
    </ClInclude>
    <ClInclude Include="base\winfirewall.h">
      <Filter>头文件\base</Filter>
    </ClInclude>
    <ClInclude Include="base\winping.h">
      <Filter>头文件\base</Filter>
    </ClInclude>
    <ClInclude Include="base\worker.h">
      <Filter>头文件\base</Filter>
    </ClInclude>
    <ClInclude Include="examples\login\autoportallocator.h">
      <Filter>头文件\examples\login</Filter>
    </ClInclude>
    <ClInclude Include="examples\login\jingleinfotask.h">
      <Filter>头文件\examples\login</Filter>
    </ClInclude>
    <ClInclude Include="examples\login\xmppauth.h">
      <Filter>头文件\examples\login</Filter>
    </ClInclude>
    <ClInclude Include="examples\login\xmpppump.h">
      <Filter>头文件\examples\login</Filter>
    </ClInclude>
    <ClInclude Include="examples\login\xmppsocket.h">
      <Filter>头文件\examples\login</Filter>
    </ClInclude>
    <ClInclude Include="examples\login\xmppthread.h">
      <Filter>头文件\examples\login</Filter>
    </ClInclude>
  </ItemGroup>
  <ItemGroup>
    <ClCompile Include="stdafx.cpp">
      <Filter>源文件</Filter>
    </ClCompile>
    <ClCompile Include="MyJingle.cpp">
      <Filter>源文件</Filter>
    </ClCompile>
    <ClCompile Include="xmpp\constants.cc">
      <Filter>源文件\xmpp</Filter>
    </ClCompile>
    <ClCompile Include="xmpp\hangoutpubsubclient.cc">
      <Filter>源文件\xmpp</Filter>
    </ClCompile>
    <ClCompile Include="xmpp\iqtask.cc">
      <Filter>源文件\xmpp</Filter>
    </ClCompile>
    <ClCompile Include="xmpp\jid.cc">
      <Filter>源文件\xmpp</Filter>
    </ClCompile>
    <ClCompile Include="xmpp\moduleimpl.cc">
      <Filter>源文件\xmpp</Filter>
    </ClCompile>
    <ClCompile Include="xmpp\mucroomconfigtask.cc">
      <Filter>源文件\xmpp</Filter>
    </ClCompile>
    <ClCompile Include="xmpp\mucroomhistorytask.cc">
      <Filter>源文件\xmpp</Filter>
    </ClCompile>
    <ClCompile Include="xmpp\mucroomlookuptask.cc">
      <Filter>源文件\xmpp</Filter>
    </ClCompile>
    <ClCompile Include="xmpp\pubsub_task.cc">
      <Filter>源文件\xmpp</Filter>
    </ClCompile>
    <ClCompile Include="xmpp\pubsubclient.cc">
      <Filter>源文件\xmpp</Filter>
    </ClCompile>
    <ClCompile Include="xmpp\pubsubtasks.cc">
      <Filter>源文件\xmpp</Filter>
    </ClCompile>
    <ClCompile Include="xmpp\receivetask.cc">
      <Filter>源文件\xmpp</Filter>
    </ClCompile>
    <ClCompile Include="xmpp\saslmechanism.cc">
      <Filter>源文件\xmpp</Filter>
    </ClCompile>
    <ClCompile Include="xmpp\xmppclient.cc">
      <Filter>源文件\xmpp</Filter>
    </ClCompile>
    <ClCompile Include="xmpp\xmppengineimpl.cc">
      <Filter>源文件\xmpp</Filter>
    </ClCompile>
    <ClCompile Include="xmpp\xmppengineimpl_iq.cc">
      <Filter>源文件\xmpp</Filter>
    </ClCompile>
    <ClCompile Include="xmpp\xmpplogintask.cc">
      <Filter>源文件\xmpp</Filter>
    </ClCompile>
    <ClCompile Include="xmpp\xmppstanzaparser.cc">
      <Filter>源文件\xmpp</Filter>
    </ClCompile>
    <ClCompile Include="xmpp\xmpptask.cc">
      <Filter>源文件\xmpp</Filter>
    </ClCompile>
    <ClCompile Include="xmllite\qname.cc">
      <Filter>源文件\xmllite</Filter>
    </ClCompile>
    <ClCompile Include="xmllite\xmlbuilder.cc">
      <Filter>源文件\xmllite</Filter>
    </ClCompile>
    <ClCompile Include="xmllite\xmlconstants.cc">
      <Filter>源文件\xmllite</Filter>
    </ClCompile>
    <ClCompile Include="xmllite\xmlelement.cc">
      <Filter>源文件\xmllite</Filter>
    </ClCompile>
    <ClCompile Include="xmllite\xmlnsstack.cc">
      <Filter>源文件\xmllite</Filter>
    </ClCompile>
    <ClCompile Include="xmllite\xmlparser.cc">
      <Filter>源文件\xmllite</Filter>
    </ClCompile>
    <ClCompile Include="xmllite\xmlprinter.cc">
      <Filter>源文件\xmllite</Filter>
    </ClCompile>
    <ClCompile Include="base\asyncfile.cc">
      <Filter>源文件\base</Filter>
    </ClCompile>
    <ClCompile Include="base\asynchttprequest.cc">
      <Filter>源文件\base</Filter>
    </ClCompile>
    <ClCompile Include="base\asyncsocket.cc">
      <Filter>源文件\base</Filter>
    </ClCompile>
    <ClCompile Include="base\asynctcpsocket.cc">
      <Filter>源文件\base</Filter>
    </ClCompile>
    <ClCompile Include="base\asyncudpsocket.cc">
      <Filter>源文件\base</Filter>
    </ClCompile>
    <ClCompile Include="base\autodetectproxy.cc">
      <Filter>源文件\base</Filter>
    </ClCompile>
    <ClCompile Include="base\bandwidthsmoother.cc">
      <Filter>源文件\base</Filter>
    </ClCompile>
    <ClCompile Include="base\base64.cc">
      <Filter>源文件\base</Filter>
    </ClCompile>
    <ClCompile Include="base\basicpacketsocketfactory.cc">
      <Filter>源文件\base</Filter>
    </ClCompile>
    <ClCompile Include="base\bytebuffer.cc">
      <Filter>源文件\base</Filter>
    </ClCompile>
    <ClCompile Include="base\checks.cc">
      <Filter>源文件\base</Filter>
    </ClCompile>
    <ClCompile Include="base\common.cc">
      <Filter>源文件\base</Filter>
    </ClCompile>
    <ClCompile Include="base\cpuid.cc">
      <Filter>源文件\base</Filter>
    </ClCompile>
    <ClCompile Include="base\cpumonitor.cc">
      <Filter>源文件\base</Filter>
    </ClCompile>
    <ClCompile Include="base\diskcache.cc">
      <Filter>源文件\base</Filter>
    </ClCompile>
    <ClCompile Include="base\diskcache_win32.cc">
      <Filter>源文件\base</Filter>
    </ClCompile>
    <ClCompile Include="base\event.cc">
      <Filter>源文件\base</Filter>
    </ClCompile>
    <ClCompile Include="base\filelock.cc">
      <Filter>源文件\base</Filter>
    </ClCompile>
    <ClCompile Include="base\fileutils.cc">
      <Filter>源文件\base</Filter>
    </ClCompile>
    <ClCompile Include="base\firewallsocketserver.cc">
      <Filter>源文件\base</Filter>
    </ClCompile>
    <ClCompile Include="base\flags.cc">
      <Filter>源文件\base</Filter>
    </ClCompile>
    <ClCompile Include="base\helpers.cc">
      <Filter>源文件\base</Filter>
    </ClCompile>
    <ClCompile Include="base\host.cc">
      <Filter>源文件\base</Filter>
    </ClCompile>
    <ClCompile Include="base\httpbase.cc">
      <Filter>源文件\base</Filter>
    </ClCompile>
    <ClCompile Include="base\httpclient.cc">
      <Filter>源文件\base</Filter>
    </ClCompile>
    <ClCompile Include="base\httpcommon.cc">
      <Filter>源文件\base</Filter>
    </ClCompile>
    <ClCompile Include="base\httprequest.cc">
      <Filter>源文件\base</Filter>
    </ClCompile>
    <ClCompile Include="base\httpserver.cc">
      <Filter>源文件\base</Filter>
    </ClCompile>
    <ClCompile Include="base\ipaddress.cc">
      <Filter>源文件\base</Filter>
    </ClCompile>
    <ClCompile Include="base\logging.cc">
      <Filter>源文件\base</Filter>
    </ClCompile>
    <ClCompile Include="base\md5c.c">
      <Filter>源文件\base</Filter>
    </ClCompile>
    <ClCompile Include="base\messagequeue.cc">
      <Filter>源文件\base</Filter>
    </ClCompile>
    <ClCompile Include="base\messagehandler.cc">
      <Filter>源文件\base</Filter>
    </ClCompile>
    <ClCompile Include="base\multipart.cc">
      <Filter>源文件\base</Filter>
    </ClCompile>
    <ClCompile Include="base\natserver.cc">
      <Filter>源文件\base</Filter>
    </ClCompile>
    <ClCompile Include="base\natsocketfactory.cc">
      <Filter>源文件\base</Filter>
    </ClCompile>
    <ClCompile Include="base\nattypes.cc">
      <Filter>源文件\base</Filter>
    </ClCompile>
    <ClCompile Include="base\nethelpers.cc">
      <Filter>源文件\base</Filter>
    </ClCompile>
    <ClCompile Include="base\network.cc">
      <Filter>源文件\base</Filter>
    </ClCompile>
    <ClCompile Include="base\openssladapter.cc">
      <Filter>源文件\base</Filter>
    </ClCompile>
    <ClCompile Include="base\optionsfile.cc">
      <Filter>源文件\base</Filter>
    </ClCompile>
    <ClCompile Include="base\pathutils.cc">
      <Filter>源文件\base</Filter>
    </ClCompile>
    <ClCompile Include="base\physicalsocketserver.cc">
      <Filter>源文件\base</Filter>
    </ClCompile>
    <ClCompile Include="base\proxydetect.cc">
      <Filter>源文件\base</Filter>
    </ClCompile>
    <ClCompile Include="base\proxyinfo.cc">
      <Filter>源文件\base</Filter>
    </ClCompile>
    <ClCompile Include="base\proxyserver.cc">
      <Filter>源文件\base</Filter>
    </ClCompile>
    <ClCompile Include="base\ratetracker.cc">
      <Filter>源文件\base</Filter>
    </ClCompile>
    <ClCompile Include="base\schanneladapter.cc">
      <Filter>源文件\base</Filter>
    </ClCompile>
    <ClCompile Include="base\sharedexclusivelock.cc">
      <Filter>源文件\base</Filter>
    </ClCompile>
    <ClCompile Include="base\signalthread.cc">
      <Filter>源文件\base</Filter>
    </ClCompile>
    <ClCompile Include="base\socketadapters.cc">
      <Filter>源文件\base</Filter>
    </ClCompile>
    <ClCompile Include="base\socketaddress.cc">
      <Filter>源文件\base</Filter>
    </ClCompile>
    <ClCompile Include="base\socketaddresspair.cc">
      <Filter>源文件\base</Filter>
    </ClCompile>
    <ClCompile Include="base\socketpool.cc">
      <Filter>源文件\base</Filter>
    </ClCompile>
    <ClCompile Include="base\socketstream.cc">
      <Filter>源文件\base</Filter>
    </ClCompile>
    <ClCompile Include="base\ssladapter.cc">
      <Filter>源文件\base</Filter>
    </ClCompile>
    <ClCompile Include="base\sslsocketfactory.cc">
      <Filter>源文件\base</Filter>
    </ClCompile>
    <ClCompile Include="base\stream.cc">
      <Filter>源文件\base</Filter>
    </ClCompile>
    <ClCompile Include="base\stringdigest.cc">
      <Filter>源文件\base</Filter>
    </ClCompile>
    <ClCompile Include="base\stringencode.cc">
      <Filter>源文件\base</Filter>
    </ClCompile>
    <ClCompile Include="base\stringutils.cc">
      <Filter>源文件\base</Filter>
    </ClCompile>
    <ClCompile Include="base\systeminfo.cc">
      <Filter>源文件\base</Filter>
    </ClCompile>
    <ClCompile Include="base\task.cc">
      <Filter>源文件\base</Filter>
    </ClCompile>
    <ClCompile Include="base\taskparent.cc">
      <Filter>源文件\base</Filter>
    </ClCompile>
    <ClCompile Include="base\taskrunner.cc">
      <Filter>源文件\base</Filter>
    </ClCompile>
    <ClCompile Include="base\testclient.cc">
      <Filter>源文件\base</Filter>
    </ClCompile>
    <ClCompile Include="base\thread.cc">
      <Filter>源文件\base</Filter>
    </ClCompile>
    <ClCompile Include="base\timeutils.cc">
      <Filter>源文件\base</Filter>
    </ClCompile>
    <ClCompile Include="base\timing.cc">
      <Filter>源文件\base</Filter>
    </ClCompile>
    <ClCompile Include="base\transformadapter.cc">
      <Filter>源文件\base</Filter>
    </ClCompile>
    <ClCompile Include="base\versionparsing.cc">
      <Filter>源文件\base</Filter>
    </ClCompile>
    <ClCompile Include="base\virtualsocketserver.cc">
      <Filter>源文件\base</Filter>
    </ClCompile>
    <ClCompile Include="base\win32.cc">
      <Filter>源文件\base</Filter>
    </ClCompile>
    <ClCompile Include="base\win32filesystem.cc">
      <Filter>源文件\base</Filter>
    </ClCompile>
    <ClCompile Include="base\win32regkey.cc">
      <Filter>源文件\base</Filter>
    </ClCompile>
    <ClCompile Include="base\win32securityerrors.cc">
      <Filter>源文件\base</Filter>
    </ClCompile>
    <ClCompile Include="base\win32socketinit.cc">
      <Filter>源文件\base</Filter>
    </ClCompile>
    <ClCompile Include="base\win32socketserver.cc">
      <Filter>源文件\base</Filter>
    </ClCompile>
    <ClCompile Include="base\win32window.cc">
      <Filter>源文件\base</Filter>
    </ClCompile>
    <ClCompile Include="base\win32windowpicker.cc">
      <Filter>源文件\base</Filter>
    </ClCompile>
    <ClCompile Include="base\winfirewall.cc">
      <Filter>源文件\base</Filter>
    </ClCompile>
    <ClCompile Include="base\winping.cc">
      <Filter>源文件\base</Filter>
    </ClCompile>
    <ClCompile Include="base\worker.cc">
      <Filter>源文件\base</Filter>
    </ClCompile>
    <ClCompile Include="base\urlencode.cc">
      <Filter>源文件\base</Filter>
    </ClCompile>
    <ClCompile Include="examples\login\jingleinfotask.cc">
      <Filter>源文件\examples\login</Filter>
    </ClCompile>
    <ClCompile Include="examples\login\xmppauth.cc">
      <Filter>源文件\examples\login</Filter>
    </ClCompile>
    <ClCompile Include="examples\login\xmpppump.cc">
      <Filter>源文件\examples\login</Filter>
    </ClCompile>
    <ClCompile Include="examples\login\xmppsocket.cc">
      <Filter>源文件\examples\login</Filter>
    </ClCompile>
    <ClCompile Include="examples\login\xmppthread.cc">
      <Filter>源文件\examples\login</Filter>
    </ClCompile>
  </ItemGroup>
</Project>